// !$*UTF8*$!
{
	archiveVersion = 1;
	classes = {
	};
	objectVersion = 46;
	objects = {

/* Begin PBXBuildFile section */
		013A9A691B0B8C1600495A7C /* Ringcaptcha.framework in Frameworks */ = {isa = PBXBuildFile; fileRef = 013A9A681B0B8C1600495A7C /* Ringcaptcha.framework */; };
		013A9A741B0B953A00495A7C /* Ringcaptcha.bundle in Resources */ = {isa = PBXBuildFile; fileRef = 013A9A731B0B953A00495A7C /* Ringcaptcha.bundle */; };
		013FF9B31B0A209B004202A8 /* main.m in Sources */ = {isa = PBXBuildFile; fileRef = 013FF9B21B0A209B004202A8 /* main.m */; };
		013FF9B61B0A209B004202A8 /* AppDelegate.m in Sources */ = {isa = PBXBuildFile; fileRef = 013FF9B51B0A209B004202A8 /* AppDelegate.m */; };
		013FF9B91B0A209B004202A8 /* ViewController.m in Sources */ = {isa = PBXBuildFile; fileRef = 013FF9B81B0A209B004202A8 /* ViewController.m */; };
		013FF9BC1B0A209C004202A8 /* Main.storyboard in Resources */ = {isa = PBXBuildFile; fileRef = 013FF9BA1B0A209C004202A8 /* Main.storyboard */; };
		013FF9BE1B0A209C004202A8 /* Images.xcassets in Resources */ = {isa = PBXBuildFile; fileRef = 013FF9BD1B0A209C004202A8 /* Images.xcassets */; };
		013FF9D71B0A219C004202A8 /* CoreTelephony.framework in Frameworks */ = {isa = PBXBuildFile; fileRef = 013FF9D61B0A219C004202A8 /* CoreTelephony.framework */; };
		013FF9D91B0A21A4004202A8 /* SystemConfiguration.framework in Frameworks */ = {isa = PBXBuildFile; fileRef = 013FF9D81B0A21A4004202A8 /* SystemConfiguration.framework */; };
		01F2E4541B0E44400026640E /* NBAsYouTypeFormatter.m in Sources */ = {isa = PBXBuildFile; fileRef = 01F2E43A1B0E44400026640E /* NBAsYouTypeFormatter.m */; };
		01F2E4551B0E44410026640E /* NBMetadataCore.m in Sources */ = {isa = PBXBuildFile; fileRef = 01F2E43C1B0E44400026640E /* NBMetadataCore.m */; };
		01F2E4561B0E44410026640E /* NBMetadataCoreMapper.m in Sources */ = {isa = PBXBuildFile; fileRef = 01F2E43E1B0E44400026640E /* NBMetadataCoreMapper.m */; };
		01F2E4571B0E44410026640E /* NBMetadataCoreTest.m in Sources */ = {isa = PBXBuildFile; fileRef = 01F2E4401B0E44400026640E /* NBMetadataCoreTest.m */; };
		01F2E4581B0E44410026640E /* NBMetadataCoreTestMapper.m in Sources */ = {isa = PBXBuildFile; fileRef = 01F2E4421B0E44400026640E /* NBMetadataCoreTestMapper.m */; };
		01F2E4591B0E44410026640E /* NBMetadataHelper.m in Sources */ = {isa = PBXBuildFile; fileRef = 01F2E4441B0E44400026640E /* NBMetadataHelper.m */; };
		01F2E45A1B0E44410026640E /* NBNumberFormat.m in Sources */ = {isa = PBXBuildFile; fileRef = 01F2E4461B0E44400026640E /* NBNumberFormat.m */; };
		01F2E45B1B0E44410026640E /* NBPhoneMetaData.m in Sources */ = {isa = PBXBuildFile; fileRef = 01F2E4481B0E44400026640E /* NBPhoneMetaData.m */; };
		01F2E45C1B0E44410026640E /* NBPhoneMetaDataGenerator.m in Sources */ = {isa = PBXBuildFile; fileRef = 01F2E44A1B0E44400026640E /* NBPhoneMetaDataGenerator.m */; };
		01F2E45D1B0E44410026640E /* NBPhoneNumber.m in Sources */ = {isa = PBXBuildFile; fileRef = 01F2E44C1B0E44400026640E /* NBPhoneNumber.m */; };
		01F2E45E1B0E44410026640E /* NBPhoneNumberDesc.m in Sources */ = {isa = PBXBuildFile; fileRef = 01F2E44F1B0E44400026640E /* NBPhoneNumberDesc.m */; };
		01F2E45F1B0E44410026640E /* NBPhoneNumberUtil.m in Sources */ = {isa = PBXBuildFile; fileRef = 01F2E4511B0E44400026640E /* NBPhoneNumberUtil.m */; };
		01F2E4601B0E44410026640E /* NSArray+NBAdditions.m in Sources */ = {isa = PBXBuildFile; fileRef = 01F2E4531B0E44400026640E /* NSArray+NBAdditions.m */; };
		01F2E4641B0E450E0026640E /* Reachability.m in Sources */ = {isa = PBXBuildFile; fileRef = 01F2E4631B0E450E0026640E /* Reachability.m */; };
/* End PBXBuildFile section */

/* Begin PBXFileReference section */
		013A9A681B0B8C1600495A7C /* Ringcaptcha.framework */ = {isa = PBXFileReference; lastKnownFileType = wrapper.framework; path = Ringcaptcha.framework; sourceTree = "<group>"; };
		013A9A6D1B0B8C5D00495A7C /* en */ = {isa = PBXFileReference; lastKnownFileType = text.plist.strings; name = en; path = en.lproj/Main.strings; sourceTree = "<group>"; };
		013A9A731B0B953A00495A7C /* Ringcaptcha.bundle */ = {isa = PBXFileReference; lastKnownFileType = "wrapper.plug-in"; path = Ringcaptcha.bundle; sourceTree = "<group>"; };
		013FF9AD1B0A209B004202A8 /* RingcaptchaExample.app */ = {isa = PBXFileReference; explicitFileType = wrapper.application; includeInIndex = 0; path = RingcaptchaExample.app; sourceTree = BUILT_PRODUCTS_DIR; };
		013FF9B11B0A209B004202A8 /* Info.plist */ = {isa = PBXFileReference; lastKnownFileType = text.plist.xml; path = Info.plist; sourceTree = "<group>"; };
		013FF9B21B0A209B004202A8 /* main.m */ = {isa = PBXFileReference; lastKnownFileType = sourcecode.c.objc; path = main.m; sourceTree = "<group>"; };
		013FF9B41B0A209B004202A8 /* AppDelegate.h */ = {isa = PBXFileReference; lastKnownFileType = sourcecode.c.h; path = AppDelegate.h; sourceTree = "<group>"; };
		013FF9B51B0A209B004202A8 /* AppDelegate.m */ = {isa = PBXFileReference; lastKnownFileType = sourcecode.c.objc; path = AppDelegate.m; sourceTree = "<group>"; };
		013FF9B71B0A209B004202A8 /* ViewController.h */ = {isa = PBXFileReference; lastKnownFileType = sourcecode.c.h; path = ViewController.h; sourceTree = "<group>"; };
		013FF9B81B0A209B004202A8 /* ViewController.m */ = {isa = PBXFileReference; lastKnownFileType = sourcecode.c.objc; path = ViewController.m; sourceTree = "<group>"; };
		013FF9BB1B0A209C004202A8 /* Base */ = {isa = PBXFileReference; lastKnownFileType = file.storyboard; name = Base; path = Base.lproj/Main.storyboard; sourceTree = "<group>"; };
		013FF9BD1B0A209C004202A8 /* Images.xcassets */ = {isa = PBXFileReference; lastKnownFileType = folder.assetcatalog; path = Images.xcassets; sourceTree = "<group>"; };
		013FF9CB1B0A209C004202A8 /* Info.plist */ = {isa = PBXFileReference; lastKnownFileType = text.plist.xml; path = Info.plist; sourceTree = "<group>"; };
		013FF9CC1B0A209C004202A8 /* RingcaptchaExampleTests.m */ = {isa = PBXFileReference; lastKnownFileType = sourcecode.c.objc; path = RingcaptchaExampleTests.m; sourceTree = "<group>"; };
		013FF9D61B0A219C004202A8 /* CoreTelephony.framework */ = {isa = PBXFileReference; lastKnownFileType = wrapper.framework; name = CoreTelephony.framework; path = System/Library/Frameworks/CoreTelephony.framework; sourceTree = SDKROOT; };
		013FF9D81B0A21A4004202A8 /* SystemConfiguration.framework */ = {isa = PBXFileReference; lastKnownFileType = wrapper.framework; name = SystemConfiguration.framework; path = System/Library/Frameworks/SystemConfiguration.framework; sourceTree = SDKROOT; };
		01F2E4391B0E44400026640E /* NBAsYouTypeFormatter.h */ = {isa = PBXFileReference; fileEncoding = 4; lastKnownFileType = sourcecode.c.h; name = NBAsYouTypeFormatter.h; path = Localization/NBAsYouTypeFormatter.h; sourceTree = "<group>"; };
		01F2E43A1B0E44400026640E /* NBAsYouTypeFormatter.m */ = {isa = PBXFileReference; fileEncoding = 4; lastKnownFileType = sourcecode.c.objc; name = NBAsYouTypeFormatter.m; path = Localization/NBAsYouTypeFormatter.m; sourceTree = "<group>"; };
		01F2E43B1B0E44400026640E /* NBMetadataCore.h */ = {isa = PBXFileReference; fileEncoding = 4; lastKnownFileType = sourcecode.c.h; name = NBMetadataCore.h; path = Localization/NBMetadataCore.h; sourceTree = "<group>"; };
		01F2E43C1B0E44400026640E /* NBMetadataCore.m */ = {isa = PBXFileReference; fileEncoding = 4; lastKnownFileType = sourcecode.c.objc; name = NBMetadataCore.m; path = Localization/NBMetadataCore.m; sourceTree = "<group>"; };
		01F2E43D1B0E44400026640E /* NBMetadataCoreMapper.h */ = {isa = PBXFileReference; fileEncoding = 4; lastKnownFileType = sourcecode.c.h; name = NBMetadataCoreMapper.h; path = Localization/NBMetadataCoreMapper.h; sourceTree = "<group>"; };
		01F2E43E1B0E44400026640E /* NBMetadataCoreMapper.m */ = {isa = PBXFileReference; fileEncoding = 4; lastKnownFileType = sourcecode.c.objc; name = NBMetadataCoreMapper.m; path = Localization/NBMetadataCoreMapper.m; sourceTree = "<group>"; };
		01F2E43F1B0E44400026640E /* NBMetadataCoreTest.h */ = {isa = PBXFileReference; fileEncoding = 4; lastKnownFileType = sourcecode.c.h; name = NBMetadataCoreTest.h; path = Localization/NBMetadataCoreTest.h; sourceTree = "<group>"; };
		01F2E4401B0E44400026640E /* NBMetadataCoreTest.m */ = {isa = PBXFileReference; fileEncoding = 4; lastKnownFileType = sourcecode.c.objc; name = NBMetadataCoreTest.m; path = Localization/NBMetadataCoreTest.m; sourceTree = "<group>"; };
		01F2E4411B0E44400026640E /* NBMetadataCoreTestMapper.h */ = {isa = PBXFileReference; fileEncoding = 4; lastKnownFileType = sourcecode.c.h; name = NBMetadataCoreTestMapper.h; path = Localization/NBMetadataCoreTestMapper.h; sourceTree = "<group>"; };
		01F2E4421B0E44400026640E /* NBMetadataCoreTestMapper.m */ = {isa = PBXFileReference; fileEncoding = 4; lastKnownFileType = sourcecode.c.objc; name = NBMetadataCoreTestMapper.m; path = Localization/NBMetadataCoreTestMapper.m; sourceTree = "<group>"; };
		01F2E4431B0E44400026640E /* NBMetadataHelper.h */ = {isa = PBXFileReference; fileEncoding = 4; lastKnownFileType = sourcecode.c.h; name = NBMetadataHelper.h; path = Localization/NBMetadataHelper.h; sourceTree = "<group>"; };
		01F2E4441B0E44400026640E /* NBMetadataHelper.m */ = {isa = PBXFileReference; fileEncoding = 4; lastKnownFileType = sourcecode.c.objc; name = NBMetadataHelper.m; path = Localization/NBMetadataHelper.m; sourceTree = "<group>"; };
		01F2E4451B0E44400026640E /* NBNumberFormat.h */ = {isa = PBXFileReference; fileEncoding = 4; lastKnownFileType = sourcecode.c.h; name = NBNumberFormat.h; path = Localization/NBNumberFormat.h; sourceTree = "<group>"; };
		01F2E4461B0E44400026640E /* NBNumberFormat.m */ = {isa = PBXFileReference; fileEncoding = 4; lastKnownFileType = sourcecode.c.objc; name = NBNumberFormat.m; path = Localization/NBNumberFormat.m; sourceTree = "<group>"; };
		01F2E4471B0E44400026640E /* NBPhoneMetaData.h */ = {isa = PBXFileReference; fileEncoding = 4; lastKnownFileType = sourcecode.c.h; name = NBPhoneMetaData.h; path = Localization/NBPhoneMetaData.h; sourceTree = "<group>"; };
		01F2E4481B0E44400026640E /* NBPhoneMetaData.m */ = {isa = PBXFileReference; fileEncoding = 4; lastKnownFileType = sourcecode.c.objc; name = NBPhoneMetaData.m; path = Localization/NBPhoneMetaData.m; sourceTree = "<group>"; };
		01F2E4491B0E44400026640E /* NBPhoneMetaDataGenerator.h */ = {isa = PBXFileReference; fileEncoding = 4; lastKnownFileType = sourcecode.c.h; name = NBPhoneMetaDataGenerator.h; path = Localization/NBPhoneMetaDataGenerator.h; sourceTree = "<group>"; };
		01F2E44A1B0E44400026640E /* NBPhoneMetaDataGenerator.m */ = {isa = PBXFileReference; fileEncoding = 4; lastKnownFileType = sourcecode.c.objc; name = NBPhoneMetaDataGenerator.m; path = Localization/NBPhoneMetaDataGenerator.m; sourceTree = "<group>"; };
		01F2E44B1B0E44400026640E /* NBPhoneNumber.h */ = {isa = PBXFileReference; fileEncoding = 4; lastKnownFileType = sourcecode.c.h; name = NBPhoneNumber.h; path = Localization/NBPhoneNumber.h; sourceTree = "<group>"; };
		01F2E44C1B0E44400026640E /* NBPhoneNumber.m */ = {isa = PBXFileReference; fileEncoding = 4; lastKnownFileType = sourcecode.c.objc; name = NBPhoneNumber.m; path = Localization/NBPhoneNumber.m; sourceTree = "<group>"; };
		01F2E44D1B0E44400026640E /* NBPhoneNumberDefines.h */ = {isa = PBXFileReference; fileEncoding = 4; lastKnownFileType = sourcecode.c.h; name = NBPhoneNumberDefines.h; path = Localization/NBPhoneNumberDefines.h; sourceTree = "<group>"; };
		01F2E44E1B0E44400026640E /* NBPhoneNumberDesc.h */ = {isa = PBXFileReference; fileEncoding = 4; lastKnownFileType = sourcecode.c.h; name = NBPhoneNumberDesc.h; path = Localization/NBPhoneNumberDesc.h; sourceTree = "<group>"; };
		01F2E44F1B0E44400026640E /* NBPhoneNumberDesc.m */ = {isa = PBXFileReference; fileEncoding = 4; lastKnownFileType = sourcecode.c.objc; name = NBPhoneNumberDesc.m; path = Localization/NBPhoneNumberDesc.m; sourceTree = "<group>"; };
		01F2E4501B0E44400026640E /* NBPhoneNumberUtil.h */ = {isa = PBXFileReference; fileEncoding = 4; lastKnownFileType = sourcecode.c.h; name = NBPhoneNumberUtil.h; path = Localization/NBPhoneNumberUtil.h; sourceTree = "<group>"; };
		01F2E4511B0E44400026640E /* NBPhoneNumberUtil.m */ = {isa = PBXFileReference; fileEncoding = 4; lastKnownFileType = sourcecode.c.objc; name = NBPhoneNumberUtil.m; path = Localization/NBPhoneNumberUtil.m; sourceTree = "<group>"; };
		01F2E4521B0E44400026640E /* NSArray+NBAdditions.h */ = {isa = PBXFileReference; fileEncoding = 4; lastKnownFileType = sourcecode.c.h; name = "NSArray+NBAdditions.h"; path = "Localization/NSArray+NBAdditions.h"; sourceTree = "<group>"; };
		01F2E4531B0E44400026640E /* NSArray+NBAdditions.m */ = {isa = PBXFileReference; fileEncoding = 4; lastKnownFileType = sourcecode.c.objc; name = "NSArray+NBAdditions.m"; path = "Localization/NSArray+NBAdditions.m"; sourceTree = "<group>"; };
		01F2E4621B0E450E0026640E /* Reachability.h */ = {isa = PBXFileReference; fileEncoding = 4; lastKnownFileType = sourcecode.c.h; path = Reachability.h; sourceTree = "<group>"; };
		01F2E4631B0E450E0026640E /* Reachability.m */ = {isa = PBXFileReference; fileEncoding = 4; lastKnownFileType = sourcecode.c.objc; path = Reachability.m; sourceTree = "<group>"; };
/* End PBXFileReference section */

/* Begin PBXFrameworksBuildPhase section */
		013FF9AA1B0A209B004202A8 /* Frameworks */ = {
			isa = PBXFrameworksBuildPhase;
			buildActionMask = 2147483647;
			files = (
				013A9A691B0B8C1600495A7C /* Ringcaptcha.framework in Frameworks */,
				013FF9D91B0A21A4004202A8 /* SystemConfiguration.framework in Frameworks */,
				013FF9D71B0A219C004202A8 /* CoreTelephony.framework in Frameworks */,
			);
			runOnlyForDeploymentPostprocessing = 0;
		};
/* End PBXFrameworksBuildPhase section */

/* Begin PBXGroup section */
		013FF9A41B0A209B004202A8 = {
			isa = PBXGroup;
			children = (
				013A9A731B0B953A00495A7C /* Ringcaptcha.bundle */,
				013A9A681B0B8C1600495A7C /* Ringcaptcha.framework */,
				013FF9D81B0A21A4004202A8 /* SystemConfiguration.framework */,
				013FF9D61B0A219C004202A8 /* CoreTelephony.framework */,
				013FF9AF1B0A209B004202A8 /* RingcaptchaExample */,
				013FF9C91B0A209C004202A8 /* RingcaptchaExampleTests */,
				013FF9AE1B0A209B004202A8 /* Products */,
			);
			sourceTree = "<group>";
		};
		013FF9AE1B0A209B004202A8 /* Products */ = {
			isa = PBXGroup;
			children = (
				013FF9AD1B0A209B004202A8 /* RingcaptchaExample.app */,
			);
			name = Products;
			sourceTree = "<group>";
		};
		013FF9AF1B0A209B004202A8 /* RingcaptchaExample */ = {
			isa = PBXGroup;
			children = (
				01F2E4611B0E44460026640E /* Reachability */,
				01F2E4381B0E441C0026640E /* Localization */,
				013FF9B41B0A209B004202A8 /* AppDelegate.h */,
				013FF9B51B0A209B004202A8 /* AppDelegate.m */,
				013FF9B71B0A209B004202A8 /* ViewController.h */,
				013FF9B81B0A209B004202A8 /* ViewController.m */,
				013FF9BA1B0A209C004202A8 /* Main.storyboard */,
				013FF9BD1B0A209C004202A8 /* Images.xcassets */,
				013FF9B01B0A209B004202A8 /* Supporting Files */,
			);
			path = RingcaptchaExample;
			sourceTree = "<group>";
		};
		013FF9B01B0A209B004202A8 /* Supporting Files */ = {
			isa = PBXGroup;
			children = (
				013FF9B11B0A209B004202A8 /* Info.plist */,
				013FF9B21B0A209B004202A8 /* main.m */,
			);
			name = "Supporting Files";
			sourceTree = "<group>";
		};
		013FF9C91B0A209C004202A8 /* RingcaptchaExampleTests */ = {
			isa = PBXGroup;
			children = (
				013FF9CC1B0A209C004202A8 /* RingcaptchaExampleTests.m */,
				013FF9CA1B0A209C004202A8 /* Supporting Files */,
			);
			path = RingcaptchaExampleTests;
			sourceTree = "<group>";
		};
		013FF9CA1B0A209C004202A8 /* Supporting Files */ = {
			isa = PBXGroup;
			children = (
				013FF9CB1B0A209C004202A8 /* Info.plist */,
			);
			name = "Supporting Files";
			sourceTree = "<group>";
		};
		01F2E4381B0E441C0026640E /* Localization */ = {
			isa = PBXGroup;
			children = (
				01F2E4391B0E44400026640E /* NBAsYouTypeFormatter.h */,
				01F2E43A1B0E44400026640E /* NBAsYouTypeFormatter.m */,
				01F2E43B1B0E44400026640E /* NBMetadataCore.h */,
				01F2E43C1B0E44400026640E /* NBMetadataCore.m */,
				01F2E43D1B0E44400026640E /* NBMetadataCoreMapper.h */,
				01F2E43E1B0E44400026640E /* NBMetadataCoreMapper.m */,
				01F2E43F1B0E44400026640E /* NBMetadataCoreTest.h */,
				01F2E4401B0E44400026640E /* NBMetadataCoreTest.m */,
				01F2E4411B0E44400026640E /* NBMetadataCoreTestMapper.h */,
				01F2E4421B0E44400026640E /* NBMetadataCoreTestMapper.m */,
				01F2E4431B0E44400026640E /* NBMetadataHelper.h */,
				01F2E4441B0E44400026640E /* NBMetadataHelper.m */,
				01F2E4451B0E44400026640E /* NBNumberFormat.h */,
				01F2E4461B0E44400026640E /* NBNumberFormat.m */,
				01F2E4471B0E44400026640E /* NBPhoneMetaData.h */,
				01F2E4481B0E44400026640E /* NBPhoneMetaData.m */,
				01F2E4491B0E44400026640E /* NBPhoneMetaDataGenerator.h */,
				01F2E44A1B0E44400026640E /* NBPhoneMetaDataGenerator.m */,
				01F2E44B1B0E44400026640E /* NBPhoneNumber.h */,
				01F2E44C1B0E44400026640E /* NBPhoneNumber.m */,
				01F2E44D1B0E44400026640E /* NBPhoneNumberDefines.h */,
				01F2E44E1B0E44400026640E /* NBPhoneNumberDesc.h */,
				01F2E44F1B0E44400026640E /* NBPhoneNumberDesc.m */,
				01F2E4501B0E44400026640E /* NBPhoneNumberUtil.h */,
				01F2E4511B0E44400026640E /* NBPhoneNumberUtil.m */,
				01F2E4521B0E44400026640E /* NSArray+NBAdditions.h */,
				01F2E4531B0E44400026640E /* NSArray+NBAdditions.m */,
			);
			name = Localization;
			sourceTree = "<group>";
		};
		01F2E4611B0E44460026640E /* Reachability */ = {
			isa = PBXGroup;
			children = (
				01F2E4621B0E450E0026640E /* Reachability.h */,
				01F2E4631B0E450E0026640E /* Reachability.m */,
			);
			name = Reachability;
			sourceTree = "<group>";
		};
/* End PBXGroup section */

/* Begin PBXNativeTarget section */
		013FF9AC1B0A209B004202A8 /* RingcaptchaExample */ = {
			isa = PBXNativeTarget;
			buildConfigurationList = 013FF9D01B0A209C004202A8 /* Build configuration list for PBXNativeTarget "RingcaptchaExample" */;
			buildPhases = (
				013FF9A91B0A209B004202A8 /* Sources */,
				013FF9AA1B0A209B004202A8 /* Frameworks */,
				013FF9AB1B0A209B004202A8 /* Resources */,
			);
			buildRules = (
			);
			dependencies = (
			);
			name = RingcaptchaExample;
			productName = RingcaptchaExample;
			productReference = 013FF9AD1B0A209B004202A8 /* RingcaptchaExample.app */;
			productType = "com.apple.product-type.application";
		};
/* End PBXNativeTarget section */

/* Begin PBXProject section */
		013FF9A51B0A209B004202A8 /* Project object */ = {
			isa = PBXProject;
			attributes = {
				LastUpgradeCheck = 0630;
				ORGANIZATIONNAME = Ringcaptcha;
				TargetAttributes = {
					013FF9AC1B0A209B004202A8 = {
						CreatedOnToolsVersion = 6.3.1;
					};
				};
			};
			buildConfigurationList = 013FF9A81B0A209B004202A8 /* Build configuration list for PBXProject "RingcaptchaExample" */;
			compatibilityVersion = "Xcode 3.2";
			developmentRegion = English;
			hasScannedForEncodings = 0;
			knownRegions = (
				en,
				Base,
			);
			mainGroup = 013FF9A41B0A209B004202A8;
			productRefGroup = 013FF9AE1B0A209B004202A8 /* Products */;
			projectDirPath = "";
			projectRoot = "";
			targets = (
				013FF9AC1B0A209B004202A8 /* RingcaptchaExample */,
			);
		};
/* End PBXProject section */

/* Begin PBXResourcesBuildPhase section */
		013FF9AB1B0A209B004202A8 /* Resources */ = {
			isa = PBXResourcesBuildPhase;
			buildActionMask = 2147483647;
			files = (
				013A9A741B0B953A00495A7C /* Ringcaptcha.bundle in Resources */,
				013FF9BC1B0A209C004202A8 /* Main.storyboard in Resources */,
				013FF9BE1B0A209C004202A8 /* Images.xcassets in Resources */,
			);
			runOnlyForDeploymentPostprocessing = 0;
		};
/* End PBXResourcesBuildPhase section */

/* Begin PBXSourcesBuildPhase section */
		013FF9A91B0A209B004202A8 /* Sources */ = {
			isa = PBXSourcesBuildPhase;
			buildActionMask = 2147483647;
			files = (
				01F2E45D1B0E44410026640E /* NBPhoneNumber.m in Sources */,
				01F2E4591B0E44410026640E /* NBMetadataHelper.m in Sources */,
				01F2E4541B0E44400026640E /* NBAsYouTypeFormatter.m in Sources */,
				013FF9B91B0A209B004202A8 /* ViewController.m in Sources */,
				01F2E45A1B0E44410026640E /* NBNumberFormat.m in Sources */,
				013FF9B61B0A209B004202A8 /* AppDelegate.m in Sources */,
				01F2E4641B0E450E0026640E /* Reachability.m in Sources */,
				01F2E4551B0E44410026640E /* NBMetadataCore.m in Sources */,
				01F2E4581B0E44410026640E /* NBMetadataCoreTestMapper.m in Sources */,
				01F2E45B1B0E44410026640E /* NBPhoneMetaData.m in Sources */,
				01F2E45F1B0E44410026640E /* NBPhoneNumberUtil.m in Sources */,
				01F2E4601B0E44410026640E /* NSArray+NBAdditions.m in Sources */,
				01F2E4561B0E44410026640E /* NBMetadataCoreMapper.m in Sources */,
				01F2E45E1B0E44410026640E /* NBPhoneNumberDesc.m in Sources */,
				01F2E4571B0E44410026640E /* NBMetadataCoreTest.m in Sources */,
				013FF9B31B0A209B004202A8 /* main.m in Sources */,
				01F2E45C1B0E44410026640E /* NBPhoneMetaDataGenerator.m in Sources */,
			);
			runOnlyForDeploymentPostprocessing = 0;
		};
/* End PBXSourcesBuildPhase section */

/* Begin PBXVariantGroup section */
		013FF9BA1B0A209C004202A8 /* Main.storyboard */ = {
			isa = PBXVariantGroup;
			children = (
				013FF9BB1B0A209C004202A8 /* Base */,
				013A9A6D1B0B8C5D00495A7C /* en */,
			);
			name = Main.storyboard;
			sourceTree = "<group>";
		};
/* End PBXVariantGroup section */

/* Begin XCBuildConfiguration section */
		013FF9CE1B0A209C004202A8 /* Debug */ = {
			isa = XCBuildConfiguration;
			buildSettings = {
				ALWAYS_SEARCH_USER_PATHS = NO;
				CLANG_CXX_LANGUAGE_STANDARD = "gnu++0x";
				CLANG_CXX_LIBRARY = "libc++";
				CLANG_ENABLE_MODULES = YES;
				CLANG_ENABLE_OBJC_ARC = YES;
				CLANG_WARN_BOOL_CONVERSION = YES;
				CLANG_WARN_CONSTANT_CONVERSION = YES;
				CLANG_WARN_DIRECT_OBJC_ISA_USAGE = YES_ERROR;
				CLANG_WARN_EMPTY_BODY = YES;
				CLANG_WARN_ENUM_CONVERSION = YES;
				CLANG_WARN_INT_CONVERSION = YES;
				CLANG_WARN_OBJC_ROOT_CLASS = YES_ERROR;
				CLANG_WARN_UNREACHABLE_CODE = YES;
				CLANG_WARN__DUPLICATE_METHOD_MATCH = YES;
				"CODE_SIGN_IDENTITY[sdk=iphoneos*]" = "iPhone Developer";
				COPY_PHASE_STRIP = NO;
				DEBUG_INFORMATION_FORMAT = "dwarf-with-dsym";
				ENABLE_STRICT_OBJC_MSGSEND = YES;
				GCC_C_LANGUAGE_STANDARD = gnu99;
				GCC_DYNAMIC_NO_PIC = NO;
				GCC_NO_COMMON_BLOCKS = YES;
				GCC_OPTIMIZATION_LEVEL = 0;
				GCC_PREPROCESSOR_DEFINITIONS = (
					"DEBUG=1",
					"$(inherited)",
				);
				GCC_SYMBOLS_PRIVATE_EXTERN = NO;
				GCC_WARN_64_TO_32_BIT_CONVERSION = YES;
				GCC_WARN_ABOUT_RETURN_TYPE = YES_ERROR;
				GCC_WARN_UNDECLARED_SELECTOR = YES;
				GCC_WARN_UNINITIALIZED_AUTOS = YES_AGGRESSIVE;
				GCC_WARN_UNUSED_FUNCTION = YES;
				GCC_WARN_UNUSED_VARIABLE = YES;
				IPHONEOS_DEPLOYMENT_TARGET = 8.3;
				MTL_ENABLE_DEBUG_INFO = YES;
				ONLY_ACTIVE_ARCH = YES;
				OTHER_LDFLAGS = "-ObjC";
				SDKROOT = iphoneos;
				TARGETED_DEVICE_FAMILY = "1,2";
			};
			name = Debug;
		};
		013FF9CF1B0A209C004202A8 /* Release */ = {
			isa = XCBuildConfiguration;
			buildSettings = {
				ALWAYS_SEARCH_USER_PATHS = NO;
				CLANG_CXX_LANGUAGE_STANDARD = "gnu++0x";
				CLANG_CXX_LIBRARY = "libc++";
				CLANG_ENABLE_MODULES = YES;
				CLANG_ENABLE_OBJC_ARC = YES;
				CLANG_WARN_BOOL_CONVERSION = YES;
				CLANG_WARN_CONSTANT_CONVERSION = YES;
				CLANG_WARN_DIRECT_OBJC_ISA_USAGE = YES_ERROR;
				CLANG_WARN_EMPTY_BODY = YES;
				CLANG_WARN_ENUM_CONVERSION = YES;
				CLANG_WARN_INT_CONVERSION = YES;
				CLANG_WARN_OBJC_ROOT_CLASS = YES_ERROR;
				CLANG_WARN_UNREACHABLE_CODE = YES;
				CLANG_WARN__DUPLICATE_METHOD_MATCH = YES;
				"CODE_SIGN_IDENTITY[sdk=iphoneos*]" = "iPhone Developer";
				COPY_PHASE_STRIP = NO;
				DEBUG_INFORMATION_FORMAT = "dwarf-with-dsym";
				ENABLE_NS_ASSERTIONS = NO;
				ENABLE_STRICT_OBJC_MSGSEND = YES;
				GCC_C_LANGUAGE_STANDARD = gnu99;
				GCC_NO_COMMON_BLOCKS = YES;
				GCC_WARN_64_TO_32_BIT_CONVERSION = YES;
				GCC_WARN_ABOUT_RETURN_TYPE = YES_ERROR;
				GCC_WARN_UNDECLARED_SELECTOR = YES;
				GCC_WARN_UNINITIALIZED_AUTOS = YES_AGGRESSIVE;
				GCC_WARN_UNUSED_FUNCTION = YES;
				GCC_WARN_UNUSED_VARIABLE = YES;
				IPHONEOS_DEPLOYMENT_TARGET = 8.3;
				MTL_ENABLE_DEBUG_INFO = NO;
				OTHER_LDFLAGS = "-ObjC";
				SDKROOT = iphoneos;
				TARGETED_DEVICE_FAMILY = "1,2";
				VALIDATE_PRODUCT = YES;
			};
			name = Release;
		};
		013FF9D11B0A209C004202A8 /* Debug */ = {
			isa = XCBuildConfiguration;
			buildSettings = {
				ASSETCATALOG_COMPILER_APPICON_NAME = AppIcon;
				FRAMEWORK_SEARCH_PATHS = (
					"$(inherited)",
					"$(PROJECT_DIR)/RingcaptchaExample",
					"$(PROJECT_DIR)",
				);
				INFOPLIST_FILE = RingcaptchaExample/Info.plist;
				IPHONEOS_DEPLOYMENT_TARGET = 8.3;
				LD_RUNPATH_SEARCH_PATHS = "$(inherited) @executable_path/Frameworks";
				PRODUCT_NAME = "$(TARGET_NAME)";
				SDKROOT = iphoneos8.3;
			};
			name = Debug;
		};
		013FF9D21B0A209C004202A8 /* Release */ = {
			isa = XCBuildConfiguration;
			buildSettings = {
				ASSETCATALOG_COMPILER_APPICON_NAME = AppIcon;
				FRAMEWORK_SEARCH_PATHS = (
					"$(inherited)",
					"$(PROJECT_DIR)/RingcaptchaExample",
					"$(PROJECT_DIR)",
				);
				INFOPLIST_FILE = RingcaptchaExample/Info.plist;
				IPHONEOS_DEPLOYMENT_TARGET = 8.3;
				LD_RUNPATH_SEARCH_PATHS = "$(inherited) @executable_path/Frameworks";
				PRODUCT_NAME = "$(TARGET_NAME)";
				SDKROOT = iphoneos8.3;
			};
			name = Release;
		};
/* End XCBuildConfiguration section */

/* Begin XCConfigurationList section */
		013FF9A81B0A209B004202A8 /* Build configuration list for PBXProject "RingcaptchaExample" */ = {
			isa = XCConfigurationList;
			buildConfigurations = (
				013FF9CE1B0A209C004202A8 /* Debug */,
				013FF9CF1B0A209C004202A8 /* Release */,
			);
			defaultConfigurationIsVisible = 0;
			defaultConfigurationName = Release;
		};
		013FF9D01B0A209C004202A8 /* Build configuration list for PBXNativeTarget "RingcaptchaExample" */ = {
			isa = XCConfigurationList;
			buildConfigurations = (
				013FF9D11B0A209C004202A8 /* Debug */,
				013FF9D21B0A209C004202A8 /* Release */,
			);
			defaultConfigurationIsVisible = 0;
			defaultConfigurationName = Release;
		};
/* End XCConfigurationList section */
	};
	rootObject = 013FF9A51B0A209B004202A8 /* Project object */;
}
